
Microsoft Visual Studio Solution File, Format Version 12.00
# Visual Studio Version 17
VisualStudioVersion = 17.14.36414.22 d17.14
MinimumVisualStudioVersion = 10.0.40219.1
Project("{FAE04EC0-301F-11D3-BF4B-00C04F79EFBC}") = "HelloDocker", "HelloDocker\HelloDocker.csproj", "{47CCD54F-0062-442E-8F75-507B900DB655}"
EndProject
Global
	GlobalSection(SolutionConfigurationPlatforms) = preSolution
		Debug|Any CPU = Debug|Any CPU
		Release|Any CPU = Release|Any CPU
	EndGlobalSection
	GlobalSection(ProjectConfigurationPlatforms) = postSolution
		{47CCD54F-0062-442E-8F75-507B900DB655}.Debug|Any CPU.ActiveCfg = Debug|Any CPU
		{47CCD54F-0062-442E-8F75-507B900DB655}.Debug|Any CPU.Build.0 = Debug|Any CPU
		{47CCD54F-0062-442E-8F75-507B900DB655}.Release|Any CPU.ActiveCfg = Release|Any CPU
		{47CCD54F-0062-442E-8F75-507B900DB655}.Release|Any CPU.Build.0 = Release|Any CPU
	EndGlobalSection
	GlobalSection(SolutionProperties) = preSolution
		HideSolutionNode = FALSE
	EndGlobalSection
	GlobalSection(ExtensibilityGlobals) = postSolution
		SolutionGuid = {8E19D0DB-3D00-46EF-B9A4-BBC4ACB05EC4}
	EndGlobalSection
EndGlobal
